
Microsoft Visual Studio Solution File, Format Version 12.00
# Visual Studio Version 16
VisualStudioVersion = 16.0.33927.289
MinimumVisualStudioVersion = 10.0.40219.1
Project("{2150E333-8FDC-42A3-9474-1A3956D46DE8}") = "Task1", "Task1", "{F07E2C0D-98CE-4F16-A902-BE02A98FD043}"
EndProject
Project("{FAE04EC0-301F-11D3-BF4B-00C04F79EFBC}") = "Tyuiu.GolubevDS.Sprint2.Task1.V3", "Tyuiu.GolubevDS.Sprint2.Task1.V3\Tyuiu.GolubevDS.Sprint2.Task1.V3.csproj", "{A50B091E-1A2A-4957-906E-873EA7FCB009}"
EndProject
Project("{FAE04EC0-301F-11D3-BF4B-00C04F79EFBC}") = "Tyuiu.GolubevDS.Sprint2.Task1.V3.Lib", "Tyuiu.GolubevDS.Sprint2.Task1.V3.Lib\Tyuiu.GolubevDS.Sprint2.Task1.V3.Lib.csproj", "{FBB0622C-3FA9-4095-88E0-572587874B39}"
EndProject
Project("{FAE04EC0-301F-11D3-BF4B-00C04F79EFBC}") = "Tyuiu.GolubevDS.Sprint2.Task1.V3.Test", "Tyuiu.GolubevDS.Sprint2.Task1.V3.Test\Tyuiu.GolubevDS.Sprint2.Task1.V3.Test.csproj", "{1B933457-732F-4795-8363-856C99D81F9A}"
EndProject
Project("{2150E333-8FDC-42A3-9474-1A3956D46DE8}") = "NewFolder1", "NewFolder1", "{3297A932-1D86-47DA-966D-E7E2E6968CB2}"
EndProject
Project("{FAE04EC0-301F-11D3-BF4B-00C04F79EFBC}") = "Tyuiu.GolubevDS.Sprint2.V3", "Tyuiu.GolubevDS.Sprint2.V3\Tyuiu.GolubevDS.Sprint2.V3.csproj", "{1B1F217B-616A-4239-A319-7ED3C5E0743F}"
EndProject
Project("{FAE04EC0-301F-11D3-BF4B-00C04F79EFBC}") = "Tyuiu.GolubevDS.Sprint2.V3.Lib", "Tyuiu.GolubevDS.Sprint2.V3.Lib\Tyuiu.GolubevDS.Sprint2.V3.Lib.csproj", "{4774AB60-184B-431F-B649-623DF2E2C379}"
EndProject
Project("{FAE04EC0-301F-11D3-BF4B-00C04F79EFBC}") = "Tyuiu.GolubevDS.Sprint2.V3.Test", "Tyuiu.GolubevDS.Sprint2.V3.Test\Tyuiu.GolubevDS.Sprint2.V3.Test.csproj", "{E036956F-4019-4636-94F2-B3ECC399C3DA}"
EndProject
Project("{2150E333-8FDC-42A3-9474-1A3956D46DE8}") = "NewFolder2", "NewFolder2", "{9E9C3AD3-0819-47E6-A09A-0FD087335F47}"
EndProject
Project("{FAE04EC0-301F-11D3-BF4B-00C04F79EFBC}") = "Tyuiu.GolubevDS.Sprint2.Task3.V3", "Tyuiu.GolubevDS.Sprint2.Task3.V3\Tyuiu.GolubevDS.Sprint2.Task3.V3.csproj", "{19E44DE5-00C2-4527-999B-18D0495FE48B}"
EndProject
Project("{FAE04EC0-301F-11D3-BF4B-00C04F79EFBC}") = "Tyuiu.GolubevDS.Sprint2.Task3.V3.Lib", "Tyuiu.GolubevDS.Sprint2.Task3.V3.Lib\Tyuiu.GolubevDS.Sprint2.Task3.V3.Lib.csproj", "{AD9B8151-48A9-4A95-88DC-6533E077F916}"
EndProject
Project("{FAE04EC0-301F-11D3-BF4B-00C04F79EFBC}") = "Tyuiu.GolubevDS.Sprint2.Task3.V3.Test", "Tyuiu.GolubevDS.Sprint2.Task3.V3.Test\Tyuiu.GolubevDS.Sprint2.Task3.V3.Test.csproj", "{728D8CE0-6E60-4D4F-8995-E038B131D7B8}"
EndProject
Global
	GlobalSection(SolutionConfigurationPlatforms) = preSolution
		Debug|Any CPU = Debug|Any CPU
		Release|Any CPU = Release|Any CPU
	EndGlobalSection
	GlobalSection(ProjectConfigurationPlatforms) = postSolution
		{A50B091E-1A2A-4957-906E-873EA7FCB009}.Debug|Any CPU.ActiveCfg = Debug|Any CPU
		{A50B091E-1A2A-4957-906E-873EA7FCB009}.Debug|Any CPU.Build.0 = Debug|Any CPU
		{A50B091E-1A2A-4957-906E-873EA7FCB009}.Release|Any CPU.ActiveCfg = Release|Any CPU
		{A50B091E-1A2A-4957-906E-873EA7FCB009}.Release|Any CPU.Build.0 = Release|Any CPU
		{FBB0622C-3FA9-4095-88E0-572587874B39}.Debug|Any CPU.ActiveCfg = Debug|Any CPU
		{FBB0622C-3FA9-4095-88E0-572587874B39}.Debug|Any CPU.Build.0 = Debug|Any CPU
		{FBB0622C-3FA9-4095-88E0-572587874B39}.Release|Any CPU.ActiveCfg = Release|Any CPU
		{FBB0622C-3FA9-4095-88E0-572587874B39}.Release|Any CPU.Build.0 = Release|Any CPU
		{1B933457-732F-4795-8363-856C99D81F9A}.Debug|Any CPU.ActiveCfg = Debug|Any CPU
		{1B933457-732F-4795-8363-856C99D81F9A}.Debug|Any CPU.Build.0 = Debug|Any CPU
		{1B933457-732F-4795-8363-856C99D81F9A}.Release|Any CPU.ActiveCfg = Release|Any CPU
		{1B933457-732F-4795-8363-856C99D81F9A}.Release|Any CPU.Build.0 = Release|Any CPU
		{1B1F217B-616A-4239-A319-7ED3C5E0743F}.Debug|Any CPU.ActiveCfg = Debug|Any CPU
		{1B1F217B-616A-4239-A319-7ED3C5E0743F}.Debug|Any CPU.Build.0 = Debug|Any CPU
		{1B1F217B-616A-4239-A319-7ED3C5E0743F}.Release|Any CPU.ActiveCfg = Release|Any CPU
		{1B1F217B-616A-4239-A319-7ED3C5E0743F}.Release|Any CPU.Build.0 = Release|Any CPU
		{4774AB60-184B-431F-B649-623DF2E2C379}.Debug|Any CPU.ActiveCfg = Debug|Any CPU
		{4774AB60-184B-431F-B649-623DF2E2C379}.Debug|Any CPU.Build.0 = Debug|Any CPU
		{4774AB60-184B-431F-B649-623DF2E2C379}.Release|Any CPU.ActiveCfg = Release|Any CPU
		{4774AB60-184B-431F-B649-623DF2E2C379}.Release|Any CPU.Build.0 = Release|Any CPU
		{E036956F-4019-4636-94F2-B3ECC399C3DA}.Debug|Any CPU.ActiveCfg = Debug|Any CPU
		{E036956F-4019-4636-94F2-B3ECC399C3DA}.Debug|Any CPU.Build.0 = Debug|Any CPU
		{E036956F-4019-4636-94F2-B3ECC399C3DA}.Release|Any CPU.ActiveCfg = Release|Any CPU
		{E036956F-4019-4636-94F2-B3ECC399C3DA}.Release|Any CPU.Build.0 = Release|Any CPU
		{19E44DE5-00C2-4527-999B-18D0495FE48B}.Debug|Any CPU.ActiveCfg = Debug|Any CPU
		{19E44DE5-00C2-4527-999B-18D0495FE48B}.Debug|Any CPU.Build.0 = Debug|Any CPU
		{19E44DE5-00C2-4527-999B-18D0495FE48B}.Release|Any CPU.ActiveCfg = Release|Any CPU
		{19E44DE5-00C2-4527-999B-18D0495FE48B}.Release|Any CPU.Build.0 = Release|Any CPU
		{AD9B8151-48A9-4A95-88DC-6533E077F916}.Debug|Any CPU.ActiveCfg = Debug|Any CPU
		{AD9B8151-48A9-4A95-88DC-6533E077F916}.Debug|Any CPU.Build.0 = Debug|Any CPU
		{AD9B8151-48A9-4A95-88DC-6533E077F916}.Release|Any CPU.ActiveCfg = Release|Any CPU
		{AD9B8151-48A9-4A95-88DC-6533E077F916}.Release|Any CPU.Build.0 = Release|Any CPU
		{728D8CE0-6E60-4D4F-8995-E038B131D7B8}.Debug|Any CPU.ActiveCfg = Debug|Any CPU
		{728D8CE0-6E60-4D4F-8995-E038B131D7B8}.Debug|Any CPU.Build.0 = Debug|Any CPU
		{728D8CE0-6E60-4D4F-8995-E038B131D7B8}.Release|Any CPU.ActiveCfg = Release|Any CPU
		{728D8CE0-6E60-4D4F-8995-E038B131D7B8}.Release|Any CPU.Build.0 = Release|Any CPU
	EndGlobalSection
	GlobalSection(SolutionProperties) = preSolution
		HideSolutionNode = FALSE
	EndGlobalSection
	GlobalSection(NestedProjects) = preSolution
		{A50B091E-1A2A-4957-906E-873EA7FCB009} = {F07E2C0D-98CE-4F16-A902-BE02A98FD043}
		{FBB0622C-3FA9-4095-88E0-572587874B39} = {F07E2C0D-98CE-4F16-A902-BE02A98FD043}
		{1B933457-732F-4795-8363-856C99D81F9A} = {F07E2C0D-98CE-4F16-A902-BE02A98FD043}
		{1B1F217B-616A-4239-A319-7ED3C5E0743F} = {3297A932-1D86-47DA-966D-E7E2E6968CB2}
		{4774AB60-184B-431F-B649-623DF2E2C379} = {3297A932-1D86-47DA-966D-E7E2E6968CB2}
		{E036956F-4019-4636-94F2-B3ECC399C3DA} = {3297A932-1D86-47DA-966D-E7E2E6968CB2}
		{19E44DE5-00C2-4527-999B-18D0495FE48B} = {9E9C3AD3-0819-47E6-A09A-0FD087335F47}
		{AD9B8151-48A9-4A95-88DC-6533E077F916} = {9E9C3AD3-0819-47E6-A09A-0FD087335F47}
		{728D8CE0-6E60-4D4F-8995-E038B131D7B8} = {9E9C3AD3-0819-47E6-A09A-0FD087335F47}
	EndGlobalSection
	GlobalSection(ExtensibilityGlobals) = postSolution
		SolutionGuid = {E1A727E9-1B8C-48E3-B730-D3268FAFBDAD}
	EndGlobalSection
EndGlobal
